lockfileVersion: '9.0'

settings:
  autoInstallPeers: true
  excludeLinksFromLockfile: false

importers:

  .:
    dependencies:
      '@kikedealba/kit':
        specifier: ^0.2.0
        version: 0.2.0
    devDependencies:
      '@types/node':
        specifier: ^24.0.0
        version: 24.13.5
      typescript:
        specifier: ^5.7.2
        version: 5.9.3

packages:

  '@kikedealba/kit@0.2.0':
    resolution: {integrity: sha512-7grL4dA2UCYon7OhPq0r6YHxD+tRcbboIBh4wO2CZW7Z56Iy1TjNUKc/jB1g4zNmRBDsAaO0u/OtbVV2iP91Mw==}
    engines: {node: '>=24'}
    hasBin: true

  '@types/node@24.13.5':
    resolution: {integrity: sha512-TXyindR+lBr22aJIdMQzCFHPHR6cR4js838mRDCSz5hOKWZvZwsXSSiXDmjRj4iJmgl+sR9O+1mkoVBSMadNug==}

  typescript@5.9.3:
    resolution: {integrity: sha512-jl1vZzPDinLr9eUt3J/t7V6FgNEw9QjvBPdysz9KfQDD41fQrC2Y4vKQdiaUpFT4bXlb1RHhLpp8wtm6M5TgSw==}
    engines: {node: '>=14.17'}
    hasBin: true

  undici-types@7.18.2:
    resolution: {integrity: sha512-AsuCzffGHJybSaRrmr5eHr81mwJU3kjw6M+uprWvCXiNeN9SOGwQ3Jn8jb8m3Z6izVgknn1R0FTCEAP2QrLY/w==}

snapshots:

  '@kikedealba/kit@0.2.0': {}

  '@types/node@24.13.5':
    dependencies:
      undici-types: 7.18.2

  typescript@5.9.3: {}

  undici-types@7.18.2: {}
